
Microsoft Visual Studio Solution File, Format Version 12.00
# Visual Studio Version 17
VisualStudioVersion = 17.10.35027.167
MinimumVisualStudioVersion = 10.0.40219.1
Project("{FAE04EC0-301F-11D3-BF4B-00C04F79EFBC}") = "Image2TextDisplayEntity", "Image2TextDisplayEntity\Image2TextDisplayEntity.csproj", "{89726378-E626-4258-88FF-ECE5432FB3C7}"
EndProject
Project("{FAE04EC0-301F-11D3-BF4B-00C04F79EFBC}") = "Image2TextDisplayEntity.WPF", "Image2TextDisplayEntity.WPF\Image2TextDisplayEntity.WPF.csproj", "{94A29346-0664-4C82-B042-8D1603DBFC87}"
EndProject
Global
	GlobalSection(SolutionConfigurationPlatforms) = preSolution
		Debug|Any CPU = Debug|Any CPU
		Release|Any CPU = Release|Any CPU
	EndGlobalSection
	GlobalSection(ProjectConfigurationPlatforms) = postSolution
		{89726378-E626-4258-88FF-ECE5432FB3C7}.Debug|Any CPU.ActiveCfg = Debug|Any CPU
		{89726378-E626-4258-88FF-ECE5432FB3C7}.Debug|Any CPU.Build.0 = Debug|Any CPU
		{89726378-E626-4258-88FF-ECE5432FB3C7}.Release|Any CPU.ActiveCfg = Release|Any CPU
		{89726378-E626-4258-88FF-ECE5432FB3C7}.Release|Any CPU.Build.0 = Release|Any CPU
		{94A29346-0664-4C82-B042-8D1603DBFC87}.Debug|Any CPU.ActiveCfg = Debug|Any CPU
		{94A29346-0664-4C82-B042-8D1603DBFC87}.Debug|Any CPU.Build.0 = Debug|Any CPU
		{94A29346-0664-4C82-B042-8D1603DBFC87}.Release|Any CPU.ActiveCfg = Release|Any CPU
		{94A29346-0664-4C82-B042-8D1603DBFC87}.Release|Any CPU.Build.0 = Release|Any CPU
	EndGlobalSection
	GlobalSection(SolutionProperties) = preSolution
		HideSolutionNode = FALSE
	EndGlobalSection
	GlobalSection(ExtensibilityGlobals) = postSolution
		SolutionGuid = {79A206C6-1B65-40E9-9BDC-7A88CD93040A}
	EndGlobalSection
EndGlobal
